// !$*UTF8*$!
{
	archiveVersion = 1;
	classes = {
	};
	objectVersion = 77;
	objects = {

/* Begin PBXBuildFile section */
		ACAFA0072E54EB02003B9853 /* FirebaseCore in Frameworks */ = {isa = PBXBuildFile; productRef = ACAFA0062E54EB02003B9853 /* FirebaseCore */; };
		ACAFA0092E54EB02003B9853 /* FirebaseStorage in Frameworks */ = {isa = PBXBuildFile; productRef = ACAFA0082E54EB02003B9853 /* FirebaseStorage */; };
		ACAFA00B2E54EB02003B9853 /* FirebaseStorageCombine-Community in Frameworks */ = {isa = PBXBuildFile; productRef = ACAFA00A2E54EB02003B9853 /* FirebaseStorageCombine-Community */; };
/* End PBXBuildFile section */

/* Begin PBXContainerItemProxy section */
		ACF5328F2E23813800BDFC2E /* PBXContainerItemProxy */ = {
			isa = PBXContainerItemProxy;
			containerPortal = ACF532792E23813600BDFC2E /* Project object */;
			proxyType = 1;
			remoteGlobalIDString = ACF532802E23813600BDFC2E;
			remoteInfo = Bodima;
		};
		ACF532992E23813800BDFC2E /* PBXContainerItemProxy */ = {
			isa = PBXContainerItemProxy;
			containerPortal = ACF532792E23813600BDFC2E /* Project object */;
			proxyType = 1;
			remoteGlobalIDString = ACF532802E23813600BDFC2E;
			remoteInfo = Bodima;
		};
/* End PBXContainerItemProxy section */

/* Begin PBXFileReference section */
		ACF532812E23813600BDFC2E /* Bodima.app */ = {isa = PBXFileReference; explicitFileType = wrapper.application; includeInIndex = 0; path = Bodima.app; sourceTree = BUILT_PRODUCTS_DIR; };
		ACF5328E2E23813800BDFC2E /* BodimaTests.xctest */ = {isa = PBXFileReference; explicitFileType = wrapper.cfbundle; includeInIndex = 0; path = BodimaTests.xctest; sourceTree = BUILT_PRODUCTS_DIR; };
		ACF532982E23813800BDFC2E /* BodimaUITests.xctest */ = {isa = PBXFileReference; explicitFileType = wrapper.cfbundle; includeInIndex = 0; path = BodimaUITests.xctest; sourceTree = BUILT_PRODUCTS_DIR; };
/* End PBXFileReference section */

/* Begin PBXFileSystemSynchronizedBuildFileExceptionSet section */
		ACD6100E2E78F9600091B436 /* Exceptions for "Bodima" folder in "Bodima" target */ = {
			isa = PBXFileSystemSynchronizedBuildFileExceptionSet;
			membershipExceptions = (
				Info.plist,
			);
			target = ACF532802E23813600BDFC2E /* Bodima */;
		};
/* End PBXFileSystemSynchronizedBuildFileExceptionSet section */

/* Begin PBXFileSystemSynchronizedRootGroup section */
		ACF532832E23813600BDFC2E /* Bodima */ = {
			isa = PBXFileSystemSynchronizedRootGroup;
			exceptions = (
				ACD6100E2E78F9600091B436 /* Exceptions for "Bodima" folder in "Bodima" target */,
			);
			path = Bodima;
			sourceTree = "<group>";
		};
		ACF532912E23813800BDFC2E /* BodimaTests */ = {
			isa = PBXFileSystemSynchronizedRootGroup;
			path = BodimaTests;
			sourceTree = "<group>";
		};
		ACF5329B2E23813800BDFC2E /* BodimaUITests */ = {
			isa = PBXFileSystemSynchronizedRootGroup;
			path = BodimaUITests;
			sourceTree = "<group>";
		};
/* End PBXFileSystemSynchronizedRootGroup section */

/* Begin PBXFrameworksBuildPhase section */
		ACF5327E2E23813600BDFC2E /* Frameworks */ = {
			isa = PBXFrameworksBuildPhase;
			buildActionMask = 2147483647;
			files = (
				ACAFA0072E54EB02003B9853 /* FirebaseCore in Frameworks */,
				ACAFA00B2E54EB02003B9853 /* FirebaseStorageCombine-Community in Frameworks */,
				ACAFA0092E54EB02003B9853 /* FirebaseStorage in Frameworks */,
			);
			runOnlyForDeploymentPostprocessing = 0;
		};
		ACF5328B2E23813800BDFC2E /* Frameworks */ = {
			isa = PBXFrameworksBuildPhase;
			buildActionMask = 2147483647;
			files = (
			);
			runOnlyForDeploymentPostprocessing = 0;
		};
		ACF532952E23813800BDFC2E /* Frameworks */ = {
			isa = PBXFrameworksBuildPhase;
			buildActionMask = 2147483647;
			files = (
			);
			runOnlyForDeploymentPostprocessing = 0;
		};
/* End PBXFrameworksBuildPhase section */

/* Begin PBXGroup section */
		ACF532782E23813600BDFC2E = {
			isa = PBXGroup;
			children = (
				ACF532832E23813600BDFC2E /* Bodima */,
				ACF532912E23813800BDFC2E /* BodimaTests */,
				ACF5329B2E23813800BDFC2E /* BodimaUITests */,
				ACF532822E23813600BDFC2E /* Products */,
			);
			sourceTree = "<group>";
		};
		ACF532822E23813600BDFC2E /* Products */ = {
			isa = PBXGroup;
			children = (
				ACF532812E23813600BDFC2E /* Bodima.app */,
				ACF5328E2E23813800BDFC2E /* BodimaTests.xctest */,
				ACF532982E23813800BDFC2E /* BodimaUITests.xctest */,
			);
			name = Products;
			sourceTree = "<group>";
		};
/* End PBXGroup section */

/* Begin PBXNativeTarget section */
		ACF532802E23813600BDFC2E /* Bodima */ = {
			isa = PBXNativeTarget;
			buildConfigurationList = ACF532A22E23813800BDFC2E /* Build configuration list for PBXNativeTarget "Bodima" */;
			buildPhases = (
				ACF5327D2E23813600BDFC2E /* Sources */,
				ACF5327E2E23813600BDFC2E /* Frameworks */,
				ACF5327F2E23813600BDFC2E /* Resources */,
			);
			buildRules = (
			);
			dependencies = (
			);
			fileSystemSynchronizedGroups = (
				ACF532832E23813600BDFC2E /* Bodima */,
			);
			name = Bodima;
			packageProductDependencies = (
				ACAFA0062E54EB02003B9853 /* FirebaseCore */,
				ACAFA0082E54EB02003B9853 /* FirebaseStorage */,
				ACAFA00A2E54EB02003B9853 /* FirebaseStorageCombine-Community */,
			);
			productName = Bodima;
			productReference = ACF532812E23813600BDFC2E /* Bodima.app */;
			productType = "com.apple.product-type.application";
		};
		ACF5328D2E23813800BDFC2E /* BodimaTests */ = {
			isa = PBXNativeTarget;
			buildConfigurationList = ACF532A52E23813800BDFC2E /* Build configuration list for PBXNativeTarget "BodimaTests" */;
			buildPhases = (
				ACF5328A2E23813800BDFC2E /* Sources */,
				ACF5328B2E23813800BDFC2E /* Frameworks */,
				ACF5328C2E23813800BDFC2E /* Resources */,
			);
			buildRules = (
			);
			dependencies = (
				ACF532902E23813800BDFC2E /* PBXTargetDependency */,
			);
			fileSystemSynchronizedGroups = (
				ACF532912E23813800BDFC2E /* BodimaTests */,
			);
			name = BodimaTests;
			packageProductDependencies = (
			);
			productName = BodimaTests;
			productReference = ACF5328E2E23813800BDFC2E /* BodimaTests.xctest */;
			productType = "com.apple.product-type.bundle.unit-test";
		};
		ACF532972E23813800BDFC2E /* BodimaUITests */ = {
			isa = PBXNativeTarget;
			buildConfigurationList = ACF532A82E23813800BDFC2E /* Build configuration list for PBXNativeTarget "BodimaUITests" */;
			buildPhases = (
				ACF532942E23813800BDFC2E /* Sources */,
				ACF532952E23813800BDFC2E /* Frameworks */,
				ACF532962E23813800BDFC2E /* Resources */,
			);
			buildRules = (
			);
			dependencies = (
				ACF5329A2E23813800BDFC2E /* PBXTargetDependency */,
			);
			fileSystemSynchronizedGroups = (
				ACF5329B2E23813800BDFC2E /* BodimaUITests */,
			);
			name = BodimaUITests;
			packageProductDependencies = (
			);
			productName = BodimaUITests;
			productReference = ACF532982E23813800BDFC2E /* BodimaUITests.xctest */;
			productType = "com.apple.product-type.bundle.ui-testing";
		};
/* End PBXNativeTarget section */

/* Begin PBXProject section */
		ACF532792E23813600BDFC2E /* Project object */ = {
			isa = PBXProject;
			attributes = {
				BuildIndependentTargetsInParallel = 1;
				LastSwiftUpdateCheck = 1630;
				LastUpgradeCheck = 1630;
				TargetAttributes = {
					ACF532802E23813600BDFC2E = {
						CreatedOnToolsVersion = 16.3;
					};
					ACF5328D2E23813800BDFC2E = {
						CreatedOnToolsVersion = 16.3;
						TestTargetID = ACF532802E23813600BDFC2E;
					};
					ACF532972E23813800BDFC2E = {
						CreatedOnToolsVersion = 16.3;
						TestTargetID = ACF532802E23813600BDFC2E;
					};
				};
			};
			buildConfigurationList = ACF5327C2E23813600BDFC2E /* Build configuration list for PBXProject "Bodima" */;
			developmentRegion = en;
			hasScannedForEncodings = 0;
			knownRegions = (
				en,
				Base,
			);
			mainGroup = ACF532782E23813600BDFC2E;
			minimizedProjectReferenceProxies = 1;
			packageReferences = (
				ACAFA0052E54EB02003B9853 /* XCRemoteSwiftPackageReference "firebase-ios-sdk" */,
			);
			preferredProjectObjectVersion = 77;
			productRefGroup = ACF532822E23813600BDFC2E /* Products */;
			projectDirPath = "";
			projectRoot = "";
			targets = (
				ACF532802E23813600BDFC2E /* Bodima */,
				ACF5328D2E23813800BDFC2E /* BodimaTests */,
				ACF532972E23813800BDFC2E /* BodimaUITests */,
			);
		};
/* End PBXProject section */

/* Begin PBXResourcesBuildPhase section */
		ACF5327F2E23813600BDFC2E /* Resources */ = {
			isa = PBXResourcesBuildPhase;
			buildActionMask = 2147483647;
			files = (
			);
			runOnlyForDeploymentPostprocessing = 0;
		};
		ACF5328C2E23813800BDFC2E /* Resources */ = {
			isa = PBXResourcesBuildPhase;
			buildActionMask = 2147483647;
			files = (
			);
			runOnlyForDeploymentPostprocessing = 0;
		};
		ACF532962E23813800BDFC2E /* Resources */ = {
			isa = PBXResourcesBuildPhase;
			buildActionMask = 2147483647;
			files = (
			);
			runOnlyForDeploymentPostprocessing = 0;
		};
/* End PBXResourcesBuildPhase section */

/* Begin PBXSourcesBuildPhase section */
		ACF5327D2E23813600BDFC2E /* Sources */ = {
			isa = PBXSourcesBuildPhase;
			buildActionMask = 2147483647;
			files = (
			);
			runOnlyForDeploymentPostprocessing = 0;
		};
		ACF5328A2E23813800BDFC2E /* Sources */ = {
			isa = PBXSourcesBuildPhase;
			buildActionMask = 2147483647;
			files = (
			);
			runOnlyForDeploymentPostprocessing = 0;
		};
		ACF532942E23813800BDFC2E /* Sources */ = {
			isa = PBXSourcesBuildPhase;
			buildActionMask = 2147483647;
			files = (
			);
			runOnlyForDeploymentPostprocessing = 0;
		};
/* End PBXSourcesBuildPhase section */

/* Begin PBXTargetDependency section */
		ACF532902E23813800BDFC2E /* PBXTargetDependency */ = {
			isa = PBXTargetDependency;
			target = ACF532802E23813600BDFC2E /* Bodima */;
			targetProxy = ACF5328F2E23813800BDFC2E /* PBXContainerItemProxy */;
		};
		ACF5329A2E23813800BDFC2E /* PBXTargetDependency */ = {
			isa = PBXTargetDependency;
			target = ACF532802E23813600BDFC2E /* Bodima */;
			targetProxy = ACF532992E23813800BDFC2E /* PBXContainerItemProxy */;
		};
/* End PBXTargetDependency section */

/* Begin XCBuildConfiguration section */
		ACF532A02E23813800BDFC2E /* Debug */ = {
			isa = XCBuildConfiguration;
			buildSettings = {
				ALWAYS_SEARCH_USER_PATHS = NO;
				ASSETCATALOG_COMPILER_GENERATE_SWIFT_ASSET_SYMBOL_EXTENSIONS = YES;
				CLANG_ANALYZER_NONNULL = YES;
				CLANG_ANALYZER_NUMBER_OBJECT_CONVERSION = YES_AGGRESSIVE;
				CLANG_CXX_LANGUAGE_STANDARD = "gnu++20";
				CLANG_ENABLE_MODULES = YES;
				CLANG_ENABLE_OBJC_ARC = YES;
				CLANG_ENABLE_OBJC_WEAK = YES;
				CLANG_WARN_BLOCK_CAPTURE_AUTORELEASING = YES;
				CLANG_WARN_BOOL_CONVERSION = YES;
				CLANG_WARN_COMMA = YES;
				CLANG_WARN_CONSTANT_CONVERSION = YES;
				CLANG_WARN_DEPRECATED_OBJC_IMPLEMENTATIONS = YES;
				CLANG_WARN_DIRECT_OBJC_ISA_USAGE = YES_ERROR;
				CLANG_WARN_DOCUMENTATION_COMMENTS = YES;
				CLANG_WARN_EMPTY_BODY = YES;
				CLANG_WARN_ENUM_CONVERSION = YES;
				CLANG_WARN_INFINITE_RECURSION = YES;
				CLANG_WARN_INT_CONVERSION = YES;
				CLANG_WARN_NON_LITERAL_NULL_CONVERSION = YES;
				CLANG_WARN_OBJC_IMPLICIT_RETAIN_SELF = YES;
				CLANG_WARN_OBJC_LITERAL_CONVERSION = YES;
				CLANG_WARN_OBJC_ROOT_CLASS = YES_ERROR;
				CLANG_WARN_QUOTED_INCLUDE_IN_FRAMEWORK_HEADER = YES;
				CLANG_WARN_RANGE_LOOP_ANALYSIS = YES;
				CLANG_WARN_STRICT_PROTOTYPES = YES;
				CLANG_WARN_SUSPICIOUS_MOVE = YES;
				CLANG_WARN_UNGUARDED_AVAILABILITY = YES_AGGRESSIVE;
				CLANG_WARN_UNREACHABLE_CODE = YES;
				CLANG_WARN__DUPLICATE_METHOD_MATCH = YES;
				COPY_PHASE_STRIP = NO;
				DEBUG_INFORMATION_FORMAT = dwarf;
				ENABLE_STRICT_OBJC_MSGSEND = YES;
				ENABLE_TESTABILITY = YES;
				ENABLE_USER_SCRIPT_SANDBOXING = YES;
				GCC_C_LANGUAGE_STANDARD = gnu17;
				GCC_DYNAMIC_NO_PIC = NO;
				GCC_NO_COMMON_BLOCKS = YES;
				GCC_OPTIMIZATION_LEVEL = 0;
				GCC_PREPROCESSOR_DEFINITIONS = (
					"DEBUG=1",
					"$(inherited)",
				);
				GCC_WARN_64_TO_32_BIT_CONVERSION = YES;
				GCC_WARN_ABOUT_RETURN_TYPE = YES_ERROR;
				GCC_WARN_UNDECLARED_SELECTOR = YES;
				GCC_WARN_UNINITIALIZED_AUTOS = YES_AGGRESSIVE;
				GCC_WARN_UNUSED_FUNCTION = YES;
				GCC_WARN_UNUSED_VARIABLE = YES;
				IPHONEOS_DEPLOYMENT_TARGET = 18.4;
				LOCALIZATION_PREFERS_STRING_CATALOGS = YES;
				MTL_ENABLE_DEBUG_INFO = INCLUDE_SOURCE;
				MTL_FAST_MATH = YES;
				ONLY_ACTIVE_ARCH = YES;
				SDKROOT = iphoneos;
				SWIFT_ACTIVE_COMPILATION_CONDITIONS = "DEBUG $(inherited)";
				SWIFT_OPTIMIZATION_LEVEL = "-Onone";
			};
			name = Debug;
		};
		ACF532A12E23813800BDFC2E /* Release */ = {
			isa = XCBuildConfiguration;
			buildSettings = {
				ALWAYS_SEARCH_USER_PATHS = NO;
				ASSETCATALOG_COMPILER_GENERATE_SWIFT_ASSET_SYMBOL_EXTENSIONS = YES;
				CLANG_ANALYZER_NONNULL = YES;
				CLANG_ANALYZER_NUMBER_OBJECT_CONVERSION = YES_AGGRESSIVE;
				CLANG_CXX_LANGUAGE_STANDARD = "gnu++20";
				CLANG_ENABLE_MODULES = YES;
				CLANG_ENABLE_OBJC_ARC = YES;
				CLANG_ENABLE_OBJC_WEAK = YES;
				CLANG_WARN_BLOCK_CAPTURE_AUTORELEASING = YES;
				CLANG_WARN_BOOL_CONVERSION = YES;
				CLANG_WARN_COMMA = YES;
				CLANG_WARN_CONSTANT_CONVERSION = YES;
				CLANG_WARN_DEPRECATED_OBJC_IMPLEMENTATIONS = YES;
				CLANG_WARN_DIRECT_OBJC_ISA_USAGE = YES_ERROR;
				CLANG_WARN_DOCUMENTATION_COMMENTS = YES;
				CLANG_WARN_EMPTY_BODY = YES;
				CLANG_WARN_ENUM_CONVERSION = YES;
				CLANG_WARN_INFINITE_RECURSION = YES;
				CLANG_WARN_INT_CONVERSION = YES;
				CLANG_WARN_NON_LITERAL_NULL_CONVERSION = YES;
				CLANG_WARN_OBJC_IMPLICIT_RETAIN_SELF = YES;
				CLANG_WARN_OBJC_LITERAL_CONVERSION = YES;
				CLANG_WARN_OBJC_ROOT_CLASS = YES_ERROR;
				CLANG_WARN_QUOTED_INCLUDE_IN_FRAMEWORK_HEADER = YES;
				CLANG_WARN_RANGE_LOOP_ANALYSIS = YES;
				CLANG_WARN_STRICT_PROTOTYPES = YES;
				CLANG_WARN_SUSPICIOUS_MOVE = YES;
				CLANG_WARN_UNGUARDED_AVAILABILITY = YES_AGGRESSIVE;
				CLANG_WARN_UNREACHABLE_CODE = YES;
				CLANG_WARN__DUPLICATE_METHOD_MATCH = YES;
				COPY_PHASE_STRIP = NO;
				DEBUG_INFORMATION_FORMAT = "dwarf-with-dsym";
				ENABLE_NS_ASSERTIONS = NO;
				ENABLE_STRICT_OBJC_MSGSEND = YES;
				ENABLE_USER_SCRIPT_SANDBOXING = YES;
				GCC_C_LANGUAGE_STANDARD = gnu17;
				GCC_NO_COMMON_BLOCKS = YES;
				GCC_WARN_64_TO_32_BIT_CONVERSION = YES;
				GCC_WARN_ABOUT_RETURN_TYPE = YES_ERROR;
				GCC_WARN_UNDECLARED_SELECTOR = YES;
				GCC_WARN_UNINITIALIZED_AUTOS = YES_AGGRESSIVE;
				GCC_WARN_UNUSED_FUNCTION = YES;
				GCC_WARN_UNUSED_VARIABLE = YES;
				IPHONEOS_DEPLOYMENT_TARGET = 18.4;
				LOCALIZATION_PREFERS_STRING_CATALOGS = YES;
				MTL_ENABLE_DEBUG_INFO = NO;
				MTL_FAST_MATH = YES;
				SDKROOT = iphoneos;
				SWIFT_COMPILATION_MODE = wholemodule;
				VALIDATE_PRODUCT = YES;
			};
			name = Release;
		};
		ACF532A32E23813800BDFC2E /* Debug */ = {
			isa = XCBuildConfiguration;
			buildSettings = {
				ASSETCATALOG_COMPILER_APPICON_NAME = AppIcon;
				ASSETCATALOG_COMPILER_GLOBAL_ACCENT_COLOR_NAME = AccentColor;
				CODE_SIGN_ENTITLEMENTS = Bodima/Bodima.entitlements;
				CODE_SIGN_STYLE = Automatic;
				CURRENT_PROJECT_VERSION = 1;
				DEVELOPMENT_TEAM = V4D8PWC55G;
				ENABLE_PREVIEWS = YES;
				GENERATE_INFOPLIST_FILE = YES;
				INFOPLIST_FILE = Bodima/Info.plist;
				INFOPLIST_KEY_UIApplicationSceneManifest_Generation = YES;
				INFOPLIST_KEY_UIApplicationSupportsIndirectInputEvents = YES;
				INFOPLIST_KEY_UILaunchScreen_Generation = YES;
				INFOPLIST_KEY_UISupportedInterfaceOrientations_iPad = "UIInterfaceOrientationPortrait UIInterfaceOrientationPortraitUpsideDown UIInterfaceOrientationLandscapeLeft UIInterfaceOrientationLandscapeRight";
				INFOPLIST_KEY_UISupportedInterfaceOrientations_iPhone = "UIInterfaceOrientationPortrait UIInterfaceOrientationLandscapeLeft UIInterfaceOrientationLandscapeRight";
				LD_RUNPATH_SEARCH_PATHS = (
					"$(inherited)",
					"@executable_path/Frameworks",
				);
				MARKETING_VERSION = 1.0;
				PRODUCT_BUNDLE_IDENTIFIER = chathura.Bodima;
				PRODUCT_NAME = "$(TARGET_NAME)";
				SWIFT_EMIT_LOC_STRINGS = YES;
				SWIFT_VERSION = 5.0;
				TARGETED_DEVICE_FAMILY = "1,2";
			};
			name = Debug;
		};
		ACF532A42E23813800BDFC2E /* Release */ = {
			isa = XCBuildConfiguration;
			buildSettings = {
				ASSETCATALOG_COMPILER_APPICON_NAME = AppIcon;
				ASSETCATALOG_COMPILER_GLOBAL_ACCENT_COLOR_NAME = AccentColor;
				CODE_SIGN_ENTITLEMENTS = Bodima/Bodima.entitlements;
				CODE_SIGN_STYLE = Automatic;
				CURRENT_PROJECT_VERSION = 1;
				DEVELOPMENT_TEAM = V4D8PWC55G;
				ENABLE_PREVIEWS = YES;
				GENERATE_INFOPLIST_FILE = YES;
				INFOPLIST_FILE = Bodima/Info.plist;
				INFOPLIST_KEY_UIApplicationSceneManifest_Generation = YES;
				INFOPLIST_KEY_UIApplicationSupportsIndirectInputEvents = YES;
				INFOPLIST_KEY_UILaunchScreen_Generation = YES;
				INFOPLIST_KEY_UISupportedInterfaceOrientations_iPad = "UIInterfaceOrientationPortrait UIInterfaceOrientationPortraitUpsideDown UIInterfaceOrientationLandscapeLeft UIInterfaceOrientationLandscapeRight";
				INFOPLIST_KEY_UISupportedInterfaceOrientations_iPhone = "UIInterfaceOrientationPortrait UIInterfaceOrientationLandscapeLeft UIInterfaceOrientationLandscapeRight";
				LD_RUNPATH_SEARCH_PATHS = (
					"$(inherited)",
					"@executable_path/Frameworks",
				);
				MARKETING_VERSION = 1.0;
				PRODUCT_BUNDLE_IDENTIFIER = chathura.Bodima;
				PRODUCT_NAME = "$(TARGET_NAME)";
				SWIFT_EMIT_LOC_STRINGS = YES;
				SWIFT_VERSION = 5.0;
				TARGETED_DEVICE_FAMILY = "1,2";
			};
			name = Release;
		};
		ACF532A62E23813800BDFC2E /* Debug */ = {
			isa = XCBuildConfiguration;
			buildSettings = {
				BUNDLE_LOADER = "$(TEST_HOST)";
				CODE_SIGN_STYLE = Automatic;
				CURRENT_PROJECT_VERSION = 1;
				GENERATE_INFOPLIST_FILE = YES;
				IPHONEOS_DEPLOYMENT_TARGET = 18.4;
				MARKETING_VERSION = 1.0;
				PRODUCT_BUNDLE_IDENTIFIER = chathura.BodimaTests;
				PRODUCT_NAME = "$(TARGET_NAME)";
				SWIFT_EMIT_LOC_STRINGS = NO;
				SWIFT_VERSION = 5.0;
				TARGETED_DEVICE_FAMILY = "1,2";
				TEST_HOST = "$(BUILT_PRODUCTS_DIR)/Bodima.app/$(BUNDLE_EXECUTABLE_FOLDER_PATH)/Bodima";
			};
			name = Debug;
		};
		ACF532A72E23813800BDFC2E /* Release */ = {
			isa = XCBuildConfiguration;
			buildSettings = {
				BUNDLE_LOADER = "$(TEST_HOST)";
				CODE_SIGN_STYLE = Automatic;
				CURRENT_PROJECT_VERSION = 1;
				GENERATE_INFOPLIST_FILE = YES;
				IPHONEOS_DEPLOYMENT_TARGET = 18.4;
				MARKETING_VERSION = 1.0;
				PRODUCT_BUNDLE_IDENTIFIER = chathura.BodimaTests;
				PRODUCT_NAME = "$(TARGET_NAME)";
				SWIFT_EMIT_LOC_STRINGS = NO;
				SWIFT_VERSION = 5.0;
				TARGETED_DEVICE_FAMILY = "1,2";
				TEST_HOST = "$(BUILT_PRODUCTS_DIR)/Bodima.app/$(BUNDLE_EXECUTABLE_FOLDER_PATH)/Bodima";
			};
			name = Release;
		};
		ACF532A92E23813800BDFC2E /* Debug */ = {
			isa = XCBuildConfiguration;
			buildSettings = {
				CODE_SIGN_STYLE = Automatic;
				CURRENT_PROJECT_VERSION = 1;
				GENERATE_INFOPLIST_FILE = YES;
				MARKETING_VERSION = 1.0;
				PRODUCT_BUNDLE_IDENTIFIER = chathura.BodimaUITests;
				PRODUCT_NAME = "$(TARGET_NAME)";
				SWIFT_EMIT_LOC_STRINGS = NO;
				SWIFT_VERSION = 5.0;
				TARGETED_DEVICE_FAMILY = "1,2";
				TEST_TARGET_NAME = Bodima;
			};
			name = Debug;
		};
		ACF532AA2E23813800BDFC2E /* Release */ = {
			isa = XCBuildConfiguration;
			buildSettings = {
				CODE_SIGN_STYLE = Automatic;
				CURRENT_PROJECT_VERSION = 1;
				GENERATE_INFOPLIST_FILE = YES;
				MARKETING_VERSION = 1.0;
				PRODUCT_BUNDLE_IDENTIFIER = chathura.BodimaUITests;
				PRODUCT_NAME = "$(TARGET_NAME)";
				SWIFT_EMIT_LOC_STRINGS = NO;
				SWIFT_VERSION = 5.0;
				TARGETED_DEVICE_FAMILY = "1,2";
				TEST_TARGET_NAME = Bodima;
			};
			name = Release;
		};
/* End XCBuildConfiguration section */

/* Begin XCConfigurationList section */
		ACF5327C2E23813600BDFC2E /* Build configuration list for PBXProject "Bodima" */ = {
			isa = XCConfigurationList;
			buildConfigurations = (
				ACF532A02E23813800BDFC2E /* Debug */,
				ACF532A12E23813800BDFC2E /* Release */,
			);
			defaultConfigurationIsVisible = 0;
			defaultConfigurationName = Release;
		};
		ACF532A22E23813800BDFC2E /* Build configuration list for PBXNativeTarget "Bodima" */ = {
			isa = XCConfigurationList;
			buildConfigurations = (
				ACF532A32E23813800BDFC2E /* Debug */,
				ACF532A42E23813800BDFC2E /* Release */,
			);
			defaultConfigurationIsVisible = 0;
			defaultConfigurationName = Release;
		};
		ACF532A52E23813800BDFC2E /* Build configuration list for PBXNativeTarget "BodimaTests" */ = {
			isa = XCConfigurationList;
			buildConfigurations = (
				ACF532A62E23813800BDFC2E /* Debug */,
				ACF532A72E23813800BDFC2E /* Release */,
			);
			defaultConfigurationIsVisible = 0;
			defaultConfigurationName = Release;
		};
		ACF532A82E23813800BDFC2E /* Build configuration list for PBXNativeTarget "BodimaUITests" */ = {
			isa = XCConfigurationList;
			buildConfigurations = (
				ACF532A92E23813800BDFC2E /* Debug */,
				ACF532AA2E23813800BDFC2E /* Release */,
			);
			defaultConfigurationIsVisible = 0;
			defaultConfigurationName = Release;
		};
/* End XCConfigurationList section */

/* Begin XCRemoteSwiftPackageReference section */
		ACAFA0052E54EB02003B9853 /* XCRemoteSwiftPackageReference "firebase-ios-sdk" */ = {
			isa = XCRemoteSwiftPackageReference;
			repositoryURL = "https://github.com/firebase/firebase-ios-sdk";
			requirement = {
				kind = upToNextMajorVersion;
				minimumVersion = 12.1.0;
			};
		};
/* End XCRemoteSwiftPackageReference section */

/* Begin XCSwiftPackageProductDependency section */
		ACAFA0062E54EB02003B9853 /* FirebaseCore */ = {
			isa = XCSwiftPackageProductDependency;
			package = ACAFA0052E54EB02003B9853 /* XCRemoteSwiftPackageReference "firebase-ios-sdk" */;
			productName = FirebaseCore;
		};
		ACAFA0082E54EB02003B9853 /* FirebaseStorage */ = {
			isa = XCSwiftPackageProductDependency;
			package = ACAFA0052E54EB02003B9853 /* XCRemoteSwiftPackageReference "firebase-ios-sdk" */;
			productName = FirebaseStorage;
		};
		ACAFA00A2E54EB02003B9853 /* FirebaseStorageCombine-Community */ = {
			isa = XCSwiftPackageProductDependency;
			package = ACAFA0052E54EB02003B9853 /* XCRemoteSwiftPackageReference "firebase-ios-sdk" */;
			productName = "FirebaseStorageCombine-Community";
		};
/* End XCSwiftPackageProductDependency section */
	};
	rootObject = ACF532792E23813600BDFC2E /* Project object */;
}
